{
  "name": "edgejs-jz-kernel-example",
  "lockfileVersion": 3,
  "requires": true,
  "packages": {
    "": {
      "name": "edgejs-jz-kernel-example",
      "dependencies": {
        "jz": "^0.1.1"
      }
    },
    "node_modules/jz": {
      "version": "0.1.1",
      "resolved": "https://registry.npmjs.org/jz/-/jz-0.1.1.tgz",
      "integrity": "sha512-rzhVxwmXvWH8/pxqTlBhHB+B9GXxEDvp2iaCFPxh4o1yKFauJ5DPgHU6NE6NEgCUDoaO4g8HlqKVQFHOQXxTvA==",
      "license": "MIT",
      "dependencies": {
        "subscript": "^10.3.5",
        "watr": "^4.5.1"
      },
      "bin": {
        "jz": "cli.js"
      }
    },
    "node_modules/subscript": {
      "version": "10.3.5",
      "resolved": "https://registry.npmjs.org/subscript/-/subscript-10.3.5.tgz",
      "integrity": "sha512-9qQLBjmMhqjuiY14+tFeqB2hOnXaF8QL28bBZfc8uu7yT792eLc8K4OZZP0NKTT+sz7J80j6V3ZKT6rq3o9ruQ==",
      "license": "ISC"
    },
    "node_modules/watr": {
      "version": "4.5.1",
      "resolved": "https://registry.npmjs.org/watr/-/watr-4.5.1.tgz",
      "integrity": "sha512-qnAAMRnaNXi3vBXakH3ngl8H60W/uYUnM0xdu99X9vpm9VGE8ktJXr/ZnBdnMKEh60krCskvpZgtu1EBT1CK6g==",
      "license": "MIT",
      "bin": {
        "watr": "bin/watr.js"
      }
    }
  }
}
